{
  "name": "internship-banao3",
  "lockfileVersion": 2,
  "requires": true,
  "packages": {
    "": {
      "dependencies": {
        "swiper": "^11.0.0"
      }
    },
    "node_modules/swiper": {
      "version": "11.0.0",
      "resolved": "https://registry.npmjs.org/swiper/-/swiper-11.0.0.tgz",
      "integrity": "sha512-JHTJDUBVkG5L5bD+ZOw/6GkM0vArxV26b/EnciyCSgUPOa9MvAfVQLJJd+dJjo4dj5Yjp6zQaDYqOj+pF+lgzQ==",
      "funding": [
        {
          "type": "patreon",
          "url": "https://www.patreon.com/swiperjs"
        },
        {
          "type": "open_collective",
          "url": "http://opencollective.com/swiper"
        }
      ],
      "engines": {
        "node": ">= 4.7.0"
      }
    }
  },
  "dependencies": {
    "swiper": {
      "version": "11.0.0",
      "resolved": "https://registry.npmjs.org/swiper/-/swiper-11.0.0.tgz",
      "integrity": "sha512-JHTJDUBVkG5L5bD+ZOw/6GkM0vArxV26b/EnciyCSgUPOa9MvAfVQLJJd+dJjo4dj5Yjp6zQaDYqOj+pF+lgzQ=="
    }
  }
}
